
Microsoft Visual Studio Solution File, Format Version 12.00
# Visual Studio Version 17
VisualStudioVersion = 17.4.33213.308
MinimumVisualStudioVersion = 10.0.40219.1
Project("{9A19103F-16F7-4668-BE54-9A1E7A4F7556}") = "econometrie", "econometrie\econometrie.csproj", "{583B8C16-40CD-4A72-ACA1-988B41354C49}"
EndProject
Global
	GlobalSection(SolutionConfigurationPlatforms) = preSolution
		Debug|Any CPU = Debug|Any CPU
		Release|Any CPU = Release|Any CPU
	EndGlobalSection
	GlobalSection(ProjectConfigurationPlatforms) = postSolution
		{583B8C16-40CD-4A72-ACA1-988B41354C49}.Debug|Any CPU.ActiveCfg = Debug|Any CPU
		{583B8C16-40CD-4A72-ACA1-988B41354C49}.Debug|Any CPU.Build.0 = Debug|Any CPU
		{583B8C16-40CD-4A72-ACA1-988B41354C49}.Release|Any CPU.ActiveCfg = Release|Any CPU
		{583B8C16-40CD-4A72-ACA1-988B41354C49}.Release|Any CPU.Build.0 = Release|Any CPU
	EndGlobalSection
	GlobalSection(SolutionProperties) = preSolution
		HideSolutionNode = FALSE
	EndGlobalSection
	GlobalSection(ExtensibilityGlobals) = postSolution
		SolutionGuid = {FF049989-D8BB-451A-ABB6-1F575454FBD2}
	EndGlobalSection
EndGlobal
